
Microsoft Visual Studio Solution File, Format Version 12.00
# Visual Studio 15
VisualStudioVersion = 15.0.28307.489
MinimumVisualStudioVersion = 10.0.40219.1
Project("{8BC9CEB8-8B4A-11D0-8D11-00A0C91BC942}") = "sentence-to-embeddings", "sentence-to-embeddings\sentence-to-embeddings.vcxproj", "{C7C28486-9C26-4E05-A873-BBBC9D8B909C}"
EndProject
Project("{8BC9CEB8-8B4A-11D0-8D11-00A0C91BC942}") = "cnn-text-classification", "cnn-text-classification\cnn-text-classification.vcxproj", "{8E22858B-520C-4C94-A001-6D111D93FB3F}"
EndProject
Global
	GlobalSection(SolutionConfigurationPlatforms) = preSolution
		Debug|x64 = Debug|x64
		Debug|x86 = Debug|x86
		Release|x64 = Release|x64
		Release|x86 = Release|x86
	EndGlobalSection
	GlobalSection(ProjectConfigurationPlatforms) = postSolution
		{C7C28486-9C26-4E05-A873-BBBC9D8B909C}.Debug|x64.ActiveCfg = Debug|x64
		{C7C28486-9C26-4E05-A873-BBBC9D8B909C}.Debug|x64.Build.0 = Debug|x64
		{C7C28486-9C26-4E05-A873-BBBC9D8B909C}.Debug|x86.ActiveCfg = Debug|Win32
		{C7C28486-9C26-4E05-A873-BBBC9D8B909C}.Debug|x86.Build.0 = Debug|Win32
		{C7C28486-9C26-4E05-A873-BBBC9D8B909C}.Release|x64.ActiveCfg = Release|x64
		{C7C28486-9C26-4E05-A873-BBBC9D8B909C}.Release|x64.Build.0 = Release|x64
		{C7C28486-9C26-4E05-A873-BBBC9D8B909C}.Release|x86.ActiveCfg = Release|Win32
		{C7C28486-9C26-4E05-A873-BBBC9D8B909C}.Release|x86.Build.0 = Release|Win32
		{8E22858B-520C-4C94-A001-6D111D93FB3F}.Debug|x64.ActiveCfg = Debug|x64
		{8E22858B-520C-4C94-A001-6D111D93FB3F}.Debug|x64.Build.0 = Debug|x64
		{8E22858B-520C-4C94-A001-6D111D93FB3F}.Debug|x86.ActiveCfg = Debug|Win32
		{8E22858B-520C-4C94-A001-6D111D93FB3F}.Debug|x86.Build.0 = Debug|Win32
		{8E22858B-520C-4C94-A001-6D111D93FB3F}.Release|x64.ActiveCfg = Release|x64
		{8E22858B-520C-4C94-A001-6D111D93FB3F}.Release|x64.Build.0 = Release|x64
		{8E22858B-520C-4C94-A001-6D111D93FB3F}.Release|x86.ActiveCfg = Release|Win32
		{8E22858B-520C-4C94-A001-6D111D93FB3F}.Release|x86.Build.0 = Release|Win32
	EndGlobalSection
	GlobalSection(SolutionProperties) = preSolution
		HideSolutionNode = FALSE
	EndGlobalSection
	GlobalSection(ExtensibilityGlobals) = postSolution
		SolutionGuid = {C5993019-D6AA-448A-82AD-1026C6B9E53A}
	EndGlobalSection
EndGlobal
